// !$*UTF8*$!
{
	archiveVersion = 1;
	classes = {
	};
	objectVersion = 48;
	objects = {

/* Begin PBXBuildFile section */
		A436E9F7215BABB10018B0C6 /* AppDelegate.swift in Sources */ = {isa = PBXBuildFile; fileRef = A436E9F6215BABB10018B0C6 /* AppDelegate.swift */; };
		A436E9F9215BABB10018B0C6 /* ViewController.swift in Sources */ = {isa = PBXBuildFile; fileRef = A436E9F8215BABB10018B0C6 /* ViewController.swift */; };
		A436E9FC215BABB20018B0C6 /* Main.storyboard in Resources */ = {isa = PBXBuildFile; fileRef = A436E9FA215BABB20018B0C6 /* Main.storyboard */; };
		A436E9FE215BABB20018B0C6 /* Assets.xcassets in Resources */ = {isa = PBXBuildFile; fileRef = A436E9FD215BABB20018B0C6 /* Assets.xcassets */; };
		A436EA01215BABB30018B0C6 /* LaunchScreen.storyboard in Resources */ = {isa = PBXBuildFile; fileRef = A436E9FF215BABB30018B0C6 /* LaunchScreen.storyboard */; };
		A436EA09215BAD2F0018B0C6 /* FirstCell.swift in Sources */ = {isa = PBXBuildFile; fileRef = A436EA08215BAD2F0018B0C6 /* FirstCell.swift */; };
		A436EA0B215BAD410018B0C6 /* SecondCell.swift in Sources */ = {isa = PBXBuildFile; fileRef = A436EA0A215BAD410018B0C6 /* SecondCell.swift */; };
		A436EA0D215BAD4F0018B0C6 /* ThirdCell.swift in Sources */ = {isa = PBXBuildFile; fileRef = A436EA0C215BAD4F0018B0C6 /* ThirdCell.swift */; };
/* End PBXBuildFile section */

/* Begin PBXFileReference section */
		A436E9F3215BABAF0018B0C6 /* multiTableCellsSwift.app */ = {isa = PBXFileReference; explicitFileType = wrapper.application; includeInIndex = 0; path = multiTableCellsSwift.app; sourceTree = BUILT_PRODUCTS_DIR; };
		A436E9F6215BABB10018B0C6 /* AppDelegate.swift */ = {isa = PBXFileReference; lastKnownFileType = sourcecode.swift; path = AppDelegate.swift; sourceTree = "<group>"; };
		A436E9F8215BABB10018B0C6 /* ViewController.swift */ = {isa = PBXFileReference; lastKnownFileType = sourcecode.swift; path = ViewController.swift; sourceTree = "<group>"; };
		A436E9FB215BABB20018B0C6 /* Base */ = {isa = PBXFileReference; lastKnownFileType = file.storyboard; name = Base; path = Base.lproj/Main.storyboard; sourceTree = "<group>"; };
		A436E9FD215BABB20018B0C6 /* Assets.xcassets */ = {isa = PBXFileReference; lastKnownFileType = folder.assetcatalog; path = Assets.xcassets; sourceTree = "<group>"; };
		A436EA00215BABB30018B0C6 /* Base */ = {isa = PBXFileReference; lastKnownFileType = file.storyboard; name = Base; path = Base.lproj/LaunchScreen.storyboard; sourceTree = "<group>"; };
		A436EA02215BABB30018B0C6 /* Info.plist */ = {isa = PBXFileReference; lastKnownFileType = text.plist.xml; path = Info.plist; sourceTree = "<group>"; };
		A436EA08215BAD2F0018B0C6 /* FirstCell.swift */ = {isa = PBXFileReference; lastKnownFileType = sourcecode.swift; path = FirstCell.swift; sourceTree = "<group>"; };
		A436EA0A215BAD410018B0C6 /* SecondCell.swift */ = {isa = PBXFileReference; lastKnownFileType = sourcecode.swift; path = SecondCell.swift; sourceTree = "<group>"; };
		A436EA0C215BAD4F0018B0C6 /* ThirdCell.swift */ = {isa = PBXFileReference; lastKnownFileType = sourcecode.swift; path = ThirdCell.swift; sourceTree = "<group>"; };
/* End PBXFileReference section */

/* Begin PBXFrameworksBuildPhase section */
		A436E9F0215BABAF0018B0C6 /* Frameworks */ = {
			isa = PBXFrameworksBuildPhase;
			buildActionMask = 2147483647;
			files = (
			);
			runOnlyForDeploymentPostprocessing = 0;
		};
/* End PBXFrameworksBuildPhase section */

/* Begin PBXGroup section */
		A436E9EA215BABAE0018B0C6 = {
			isa = PBXGroup;
			children = (
				A436E9F5215BABAF0018B0C6 /* multiTableCellsSwift */,
				A436E9F4215BABAF0018B0C6 /* Products */,
			);
			sourceTree = "<group>";
		};
		A436E9F4215BABAF0018B0C6 /* Products */ = {
			isa = PBXGroup;
			children = (
				A436E9F3215BABAF0018B0C6 /* multiTableCellsSwift.app */,
			);
			name = Products;
			sourceTree = "<group>";
		};
		A436E9F5215BABAF0018B0C6 /* multiTableCellsSwift */ = {
			isa = PBXGroup;
			children = (
				A436E9F6215BABB10018B0C6 /* AppDelegate.swift */,
				A436E9F8215BABB10018B0C6 /* ViewController.swift */,
				A436E9FA215BABB20018B0C6 /* Main.storyboard */,
				A436E9FD215BABB20018B0C6 /* Assets.xcassets */,
				A436E9FF215BABB30018B0C6 /* LaunchScreen.storyboard */,
				A436EA02215BABB30018B0C6 /* Info.plist */,
				A436EA08215BAD2F0018B0C6 /* FirstCell.swift */,
				A436EA0A215BAD410018B0C6 /* SecondCell.swift */,
				A436EA0C215BAD4F0018B0C6 /* ThirdCell.swift */,
			);
			path = multiTableCellsSwift;
			sourceTree = "<group>";
		};
/* End PBXGroup section */

/* Begin PBXNativeTarget section */
		A436E9F2215BABAF0018B0C6 /* multiTableCellsSwift */ = {
			isa = PBXNativeTarget;
			buildConfigurationList = A436EA05215BABB30018B0C6 /* Build configuration list for PBXNativeTarget "multiTableCellsSwift" */;
			buildPhases = (
				A436E9EF215BABAF0018B0C6 /* Sources */,
				A436E9F0215BABAF0018B0C6 /* Frameworks */,
				A436E9F1215BABAF0018B0C6 /* Resources */,
			);
			buildRules = (
			);
			dependencies = (
			);
			name = multiTableCellsSwift;
			productName = multiTableCellsSwift;
			productReference = A436E9F3215BABAF0018B0C6 /* multiTableCellsSwift.app */;
			productType = "com.apple.product-type.application";
		};
/* End PBXNativeTarget section */

/* Begin PBXProject section */
		A436E9EB215BABAE0018B0C6 /* Project object */ = {
			isa = PBXProject;
			attributes = {
				LastSwiftUpdateCheck = 0920;
				LastUpgradeCheck = 0920;
				ORGANIZATIONNAME = "AFFIXUS IMAC1";
				TargetAttributes = {
					A436E9F2215BABAF0018B0C6 = {
						CreatedOnToolsVersion = 9.2;
						ProvisioningStyle = Automatic;
					};
				};
			};
			buildConfigurationList = A436E9EE215BABAE0018B0C6 /* Build configuration list for PBXProject "multiTableCellsSwift" */;
			compatibilityVersion = "Xcode 8.0";
			developmentRegion = en;
			hasScannedForEncodings = 0;
			knownRegions = (
				en,
				Base,
			);
			mainGroup = A436E9EA215BABAE0018B0C6;
			productRefGroup = A436E9F4215BABAF0018B0C6 /* Products */;
			projectDirPath = "";
			projectRoot = "";
			targets = (
				A436E9F2215BABAF0018B0C6 /* multiTableCellsSwift */,
			);
		};
/* End PBXProject section */

/* Begin PBXResourcesBuildPhase section */
		A436E9F1215BABAF0018B0C6 /* Resources */ = {
			isa = PBXResourcesBuildPhase;
			buildActionMask = 2147483647;
			files = (
				A436EA01215BABB30018B0C6 /* LaunchScreen.storyboard in Resources */,
				A436E9FE215BABB20018B0C6 /* Assets.xcassets in Resources */,
				A436E9FC215BABB20018B0C6 /* Main.storyboard in Resources */,
			);
			runOnlyForDeploymentPostprocessing = 0;
		};
/* End PBXResourcesBuildPhase section */

/* Begin PBXSourcesBuildPhase section */
		A436E9EF215BABAF0018B0C6 /* Sources */ = {
			isa = PBXSourcesBuildPhase;
			buildActionMask = 2147483647;
			files = (
				A436EA0D215BAD4F0018B0C6 /* ThirdCell.swift in Sources */,
				A436E9F9215BABB10018B0C6 /* ViewController.swift in Sources */,
				A436E9F7215BABB10018B0C6 /* AppDelegate.swift in Sources */,
				A436EA09215BAD2F0018B0C6 /* FirstCell.swift in Sources */,
				A436EA0B215BAD410018B0C6 /* SecondCell.swift in Sources */,
			);
			runOnlyForDeploymentPostprocessing = 0;
		};
/* End PBXSourcesBuildPhase section */

/* Begin PBXVariantGroup section */
		A436E9FA215BABB20018B0C6 /* Main.storyboard */ = {
			isa = PBXVariantGroup;
			children = (
				A436E9FB215BABB20018B0C6 /* Base */,
			);
			name = Main.storyboard;
			sourceTree = "<group>";
		};
		A436E9FF215BABB30018B0C6 /* LaunchScreen.storyboard */ = {
			isa = PBXVariantGroup;
			children = (
				A436EA00215BABB30018B0C6 /* Base */,
			);
			name = LaunchScreen.storyboard;
			sourceTree = "<group>";
		};
/* End PBXVariantGroup section */

/* Begin XCBuildConfiguration section */
		A436EA03215BABB30018B0C6 /* Debug */ = {
			isa = XCBuildConfiguration;
			buildSettings = {
				ALWAYS_SEARCH_USER_PATHS = NO;
				CLANG_ANALYZER_NONNULL = YES;
				CLANG_ANALYZER_NUMBER_OBJECT_CONVERSION = YES_AGGRESSIVE;
				CLANG_CXX_LANGUAGE_STANDARD = "gnu++14";
				CLANG_CXX_LIBRARY = "libc++";
				CLANG_ENABLE_MODULES = YES;
				CLANG_ENABLE_OBJC_ARC = YES;
				CLANG_WARN_BLOCK_CAPTURE_AUTORELEASING = YES;
				CLANG_WARN_BOOL_CONVERSION = YES;
				CLANG_WARN_COMMA = YES;
				CLANG_WARN_CONSTANT_CONVERSION = YES;
				CLANG_WARN_DIRECT_OBJC_ISA_USAGE = YES_ERROR;
				CLANG_WARN_DOCUMENTATION_COMMENTS = YES;
				CLANG_WARN_EMPTY_BODY = YES;
				CLANG_WARN_ENUM_CONVERSION = YES;
				CLANG_WARN_INFINITE_RECURSION = YES;
				CLANG_WARN_INT_CONVERSION = YES;
				CLANG_WARN_NON_LITERAL_NULL_CONVERSION = YES;
				CLANG_WARN_OBJC_LITERAL_CONVERSION = YES;
				CLANG_WARN_OBJC_ROOT_CLASS = YES_ERROR;
				CLANG_WARN_RANGE_LOOP_ANALYSIS = YES;
				CLANG_WARN_STRICT_PROTOTYPES = YES;
				CLANG_WARN_SUSPICIOUS_MOVE = YES;
				CLANG_WARN_UNGUARDED_AVAILABILITY = YES_AGGRESSIVE;
				CLANG_WARN_UNREACHABLE_CODE = YES;
				CLANG_WARN__DUPLICATE_METHOD_MATCH = YES;
				CODE_SIGN_IDENTITY = "iPhone Developer";
				COPY_PHASE_STRIP = NO;
				DEBUG_INFORMATION_FORMAT = dwarf;
				ENABLE_STRICT_OBJC_MSGSEND = YES;
				ENABLE_TESTABILITY = YES;
				GCC_C_LANGUAGE_STANDARD = gnu11;
				GCC_DYNAMIC_NO_PIC = NO;
				GCC_NO_COMMON_BLOCKS = YES;
				GCC_OPTIMIZATION_LEVEL = 0;
				GCC_PREPROCESSOR_DEFINITIONS = (
					"DEBUG=1",
					"$(inherited)",
				);
				GCC_WARN_64_TO_32_BIT_CONVERSION = YES;
				GCC_WARN_ABOUT_RETURN_TYPE = YES_ERROR;
				GCC_WARN_UNDECLARED_SELECTOR = YES;
				GCC_WARN_UNINITIALIZED_AUTOS = YES_AGGRESSIVE;
				GCC_WARN_UNUSED_FUNCTION = YES;
				GCC_WARN_UNUSED_VARIABLE = YES;
				IPHONEOS_DEPLOYMENT_TARGET = 11.2;
				MTL_ENABLE_DEBUG_INFO = YES;
				ONLY_ACTIVE_ARCH = YES;
				SDKROOT = iphoneos;
				SWIFT_ACTIVE_COMPILATION_CONDITIONS = DEBUG;
				SWIFT_OPTIMIZATION_LEVEL = "-Onone";
			};
			name = Debug;
		};
		A436EA04215BABB30018B0C6 /* Release */ = {
			isa = XCBuildConfiguration;
			buildSettings = {
				ALWAYS_SEARCH_USER_PATHS = NO;
				CLANG_ANALYZER_NONNULL = YES;
				CLANG_ANALYZER_NUMBER_OBJECT_CONVERSION = YES_AGGRESSIVE;
				CLANG_CXX_LANGUAGE_STANDARD = "gnu++14";
				CLANG_CXX_LIBRARY = "libc++";
				CLANG_ENABLE_MODULES = YES;
				CLANG_ENABLE_OBJC_ARC = YES;
				CLANG_WARN_BLOCK_CAPTURE_AUTORELEASING = YES;
				CLANG_WARN_BOOL_CONVERSION = YES;
				CLANG_WARN_COMMA = YES;
				CLANG_WARN_CONSTANT_CONVERSION = YES;
				CLANG_WARN_DIRECT_OBJC_ISA_USAGE = YES_ERROR;
				CLANG_WARN_DOCUMENTATION_COMMENTS = YES;
				CLANG_WARN_EMPTY_BODY = YES;
				CLANG_WARN_ENUM_CONVERSION = YES;
				CLANG_WARN_INFINITE_RECURSION = YES;
				CLANG_WARN_INT_CONVERSION = YES;
				CLANG_WARN_NON_LITERAL_NULL_CONVERSION = YES;
				CLANG_WARN_OBJC_LITERAL_CONVERSION = YES;
				CLANG_WARN_OBJC_ROOT_CLASS = YES_ERROR;
				CLANG_WARN_RANGE_LOOP_ANALYSIS = YES;
				CLANG_WARN_STRICT_PROTOTYPES = YES;
				CLANG_WARN_SUSPICIOUS_MOVE = YES;
				CLANG_WARN_UNGUARDED_AVAILABILITY = YES_AGGRESSIVE;
				CLANG_WARN_UNREACHABLE_CODE = YES;
				CLANG_WARN__DUPLICATE_METHOD_MATCH = YES;
				CODE_SIGN_IDENTITY = "iPhone Developer";
				COPY_PHASE_STRIP = NO;
				DEBUG_INFORMATION_FORMAT = "dwarf-with-dsym";
				ENABLE_NS_ASSERTIONS = NO;
				ENABLE_STRICT_OBJC_MSGSEND = YES;
				GCC_C_LANGUAGE_STANDARD = gnu11;
				GCC_NO_COMMON_BLOCKS = YES;
				GCC_WARN_64_TO_32_BIT_CONVERSION = YES;
				GCC_WARN_ABOUT_RETURN_TYPE = YES_ERROR;
				GCC_WARN_UNDECLARED_SELECTOR = YES;
				GCC_WARN_UNINITIALIZED_AUTOS = YES_AGGRESSIVE;
				GCC_WARN_UNUSED_FUNCTION = YES;
				GCC_WARN_UNUSED_VARIABLE = YES;
				IPHONEOS_DEPLOYMENT_TARGET = 11.2;
				MTL_ENABLE_DEBUG_INFO = NO;
				SDKROOT = iphoneos;
				SWIFT_OPTIMIZATION_LEVEL = "-Owholemodule";
				VALIDATE_PRODUCT = YES;
			};
			name = Release;
		};
		A436EA06215BABB30018B0C6 /* Debug */ = {
			isa = XCBuildConfiguration;
			buildSettings = {
				ASSETCATALOG_COMPILER_APPICON_NAME = AppIcon;
				CODE_SIGN_STYLE = Automatic;
				DEVELOPMENT_TEAM = YHKB8C6MSB;
				INFOPLIST_FILE = multiTableCellsSwift/Info.plist;
				LD_RUNPATH_SEARCH_PATHS = "$(inherited) @executable_path/Frameworks";
				PRODUCT_BUNDLE_IDENTIFIER = affixus.multiTableCellsSwift;
				PRODUCT_NAME = "$(TARGET_NAME)";
				SWIFT_VERSION = 4.0;
				TARGETED_DEVICE_FAMILY = "1,2";
			};
			name = Debug;
		};
		A436EA07215BABB30018B0C6 /* Release */ = {
			isa = XCBuildConfiguration;
			buildSettings = {
				ASSETCATALOG_COMPILER_APPICON_NAME = AppIcon;
				CODE_SIGN_STYLE = Automatic;
				DEVELOPMENT_TEAM = YHKB8C6MSB;
				INFOPLIST_FILE = multiTableCellsSwift/Info.plist;
				LD_RUNPATH_SEARCH_PATHS = "$(inherited) @executable_path/Frameworks";
				PRODUCT_BUNDLE_IDENTIFIER = affixus.multiTableCellsSwift;
				PRODUCT_NAME = "$(TARGET_NAME)";
				SWIFT_VERSION = 4.0;
				TARGETED_DEVICE_FAMILY = "1,2";
			};
			name = Release;
		};
/* End XCBuildConfiguration section */

/* Begin XCConfigurationList section */
		A436E9EE215BABAE0018B0C6 /* Build configuration list for PBXProject "multiTableCellsSwift" */ = {
			isa = XCConfigurationList;
			buildConfigurations = (
				A436EA03215BABB30018B0C6 /* Debug */,
				A436EA04215BABB30018B0C6 /* Release */,
			);
			defaultConfigurationIsVisible = 0;
			defaultConfigurationName = Release;
		};
		A436EA05215BABB30018B0C6 /* Build configuration list for PBXNativeTarget "multiTableCellsSwift" */ = {
			isa = XCConfigurationList;
			buildConfigurations = (
				A436EA06215BABB30018B0C6 /* Debug */,
				A436EA07215BABB30018B0C6 /* Release */,
			);
			defaultConfigurationIsVisible = 0;
			defaultConfigurationName = Release;
		};
/* End XCConfigurationList section */
	};
	rootObject = A436E9EB215BABAE0018B0C6 /* Project object */;
}
